# THIS IS AN AUTOGENERATED FILE. DO NOT EDIT THIS FILE DIRECTLY.
# yarn lockfile v1


domino@^2.1.6:
  version "2.1.6"
  resolved "https://registry.yarnpkg.com/domino/-/domino-2.1.6.tgz#fe4ace4310526e5e7b9d12c7de01b7f485a57ffe"
  integrity sha512-3VdM/SXBZX2omc9JF9nOPCtDaYQ67BGp5CoLpIQlO2KCAPETs8TcDHacF26jXadGbvUteZzRTeos2fhID5+ucQ==

iconv@^3.0.0:
  version "3.0.0"
  resolved "https://registry.yarnpkg.com/iconv/-/iconv-3.0.0.tgz#9a293ec123b16b4717e450714ddbb07f985b7d9c"
  integrity sha512-bKTEP55J/e+UutBE3BDBWq6KukPWh3GBYCZGbLEY9vxRDUU2F3bqvPsp/a/DEdIamgF2MvW5lF0Rj1U/7KRL+g==

moment@^2.29.1:
  version "2.29.1"
  resolved "https://registry.yarnpkg.com/moment/-/moment-2.29.1.tgz#b2be769fa31940be9eeea6469c075e35006fa3d3"
  integrity sha512-kHmoybcPV8Sqy59DwNDY3Jefr64lK/by/da0ViFcuA4DH0vQg5Q6Ze5VimxkfQNSC+Mls/Kx53s7TjP1RhFEDQ==

turndown@^7.0.0:
  version "7.0.0"
  resolved "https://registry.yarnpkg.com/turndown/-/turndown-7.0.0.tgz#19b2a6a2d1d700387a1e07665414e4af4fec5225"
  integrity sha512-G1FfxfR0mUNMeGjszLYl3kxtopC4O9DRRiMlMDDVHvU1jaBkGFg4qxIyjIk2aiKLHyDyZvZyu4qBO2guuYBy3Q==
  dependencies:
    domino "^2.1.6"
